
Microsoft Visual Studio Solution File, Format Version 12.00
# Visual Studio Version 17
VisualStudioVersion = 17.11.35327.3
MinimumVisualStudioVersion = 10.0.40219.1
Project("{FAE04EC0-301F-11D3-BF4B-00C04F79EFBC}") = "ClasesYCalculadora", "ClasesYCalculadora\ClasesYCalculadora.csproj", "{D4E8EABF-77A7-4238-A0ED-88E6E3648702}"
EndProject
Global
	GlobalSection(SolutionConfigurationPlatforms) = preSolution
		Debug|Any CPU = Debug|Any CPU
		Release|Any CPU = Release|Any CPU
	EndGlobalSection
	GlobalSection(ProjectConfigurationPlatforms) = postSolution
		{D4E8EABF-77A7-4238-A0ED-88E6E3648702}.Debug|Any CPU.ActiveCfg = Debug|Any CPU
		{D4E8EABF-77A7-4238-A0ED-88E6E3648702}.Debug|Any CPU.Build.0 = Debug|Any CPU
		{D4E8EABF-77A7-4238-A0ED-88E6E3648702}.Release|Any CPU.ActiveCfg = Release|Any CPU
		{D4E8EABF-77A7-4238-A0ED-88E6E3648702}.Release|Any CPU.Build.0 = Release|Any CPU
	EndGlobalSection
	GlobalSection(SolutionProperties) = preSolution
		HideSolutionNode = FALSE
	EndGlobalSection
	GlobalSection(ExtensibilityGlobals) = postSolution
		SolutionGuid = {D9B889FD-B966-4D33-9B37-025B669ED677}
	EndGlobalSection
EndGlobal
