
Microsoft Visual Studio Solution File, Format Version 12.00
# Visual Studio Version 17
VisualStudioVersion = 17.13.35919.96 d17.13
MinimumVisualStudioVersion = 10.0.40219.1
Project("{FAE04EC0-301F-11D3-BF4B-00C04F79EFBC}") = "csvConCSharp", "csvConCSharp\csvConCSharp.csproj", "{CC01A797-5E3E-4740-94E0-0BF8EFE9BC48}"
EndProject
Global
	GlobalSection(SolutionConfigurationPlatforms) = preSolution
		Debug|Any CPU = Debug|Any CPU
		Release|Any CPU = Release|Any CPU
	EndGlobalSection
	GlobalSection(ProjectConfigurationPlatforms) = postSolution
		{CC01A797-5E3E-4740-94E0-0BF8EFE9BC48}.Debug|Any CPU.ActiveCfg = Debug|Any CPU
		{CC01A797-5E3E-4740-94E0-0BF8EFE9BC48}.Debug|Any CPU.Build.0 = Debug|Any CPU
		{CC01A797-5E3E-4740-94E0-0BF8EFE9BC48}.Release|Any CPU.ActiveCfg = Release|Any CPU
		{CC01A797-5E3E-4740-94E0-0BF8EFE9BC48}.Release|Any CPU.Build.0 = Release|Any CPU
	EndGlobalSection
	GlobalSection(SolutionProperties) = preSolution
		HideSolutionNode = FALSE
	EndGlobalSection
	GlobalSection(ExtensibilityGlobals) = postSolution
		SolutionGuid = {C5EA7B9B-B32C-450B-A186-2759384D4DD9}
	EndGlobalSection
EndGlobal
