
Microsoft Visual Studio Solution File, Format Version 12.00
# Visual Studio Version 17
VisualStudioVersion = 17.13.35919.96 d17.13
MinimumVisualStudioVersion = 10.0.40219.1
Project("{FAE04EC0-301F-11D3-BF4B-00C04F79EFBC}") = "EjercicioChristian", "EjercicioChristian\EjercicioChristian.csproj", "{EE840F82-1BF9-41CB-895B-C4F9D3424AA8}"
EndProject
Global
	GlobalSection(SolutionConfigurationPlatforms) = preSolution
		Debug|Any CPU = Debug|Any CPU
		Release|Any CPU = Release|Any CPU
	EndGlobalSection
	GlobalSection(ProjectConfigurationPlatforms) = postSolution
		{EE840F82-1BF9-41CB-895B-C4F9D3424AA8}.Debug|Any CPU.ActiveCfg = Debug|Any CPU
		{EE840F82-1BF9-41CB-895B-C4F9D3424AA8}.Debug|Any CPU.Build.0 = Debug|Any CPU
		{EE840F82-1BF9-41CB-895B-C4F9D3424AA8}.Release|Any CPU.ActiveCfg = Release|Any CPU
		{EE840F82-1BF9-41CB-895B-C4F9D3424AA8}.Release|Any CPU.Build.0 = Release|Any CPU
	EndGlobalSection
	GlobalSection(SolutionProperties) = preSolution
		HideSolutionNode = FALSE
	EndGlobalSection
	GlobalSection(ExtensibilityGlobals) = postSolution
		SolutionGuid = {3D233DF2-0273-4998-B585-31138CEBD485}
	EndGlobalSection
EndGlobal
