
Microsoft Visual Studio Solution File, Format Version 12.00
# Visual Studio Version 17
VisualStudioVersion = 17.13.35919.96 d17.13
MinimumVisualStudioVersion = 10.0.40219.1
Project("{FAE04EC0-301F-11D3-BF4B-00C04F79EFBC}") = "herenciaInstrumentos", "herenciaInstrumentos\herenciaInstrumentos.csproj", "{8647DF1E-0495-4393-834C-B924EFD80ECD}"
EndProject
Global
	GlobalSection(SolutionConfigurationPlatforms) = preSolution
		Debug|Any CPU = Debug|Any CPU
		Release|Any CPU = Release|Any CPU
	EndGlobalSection
	GlobalSection(ProjectConfigurationPlatforms) = postSolution
		{8647DF1E-0495-4393-834C-B924EFD80ECD}.Debug|Any CPU.ActiveCfg = Debug|Any CPU
		{8647DF1E-0495-4393-834C-B924EFD80ECD}.Debug|Any CPU.Build.0 = Debug|Any CPU
		{8647DF1E-0495-4393-834C-B924EFD80ECD}.Release|Any CPU.ActiveCfg = Release|Any CPU
		{8647DF1E-0495-4393-834C-B924EFD80ECD}.Release|Any CPU.Build.0 = Release|Any CPU
	EndGlobalSection
	GlobalSection(SolutionProperties) = preSolution
		HideSolutionNode = FALSE
	EndGlobalSection
	GlobalSection(ExtensibilityGlobals) = postSolution
		SolutionGuid = {AF85E964-5112-49BD-8870-C97CB075324C}
	EndGlobalSection
EndGlobal
