
Microsoft Visual Studio Solution File, Format Version 12.00
# Visual Studio Version 17
VisualStudioVersion = 17.13.35919.96 d17.13
MinimumVisualStudioVersion = 10.0.40219.1
Project("{FAE04EC0-301F-11D3-BF4B-00C04F79EFBC}") = "trabajarConFicherosCSharp", "trabajarConFicherosCSharp\trabajarConFicherosCSharp.csproj", "{4CBE0045-152B-4D3D-BC18-E2E2AC4362C6}"
EndProject
Global
	GlobalSection(SolutionConfigurationPlatforms) = preSolution
		Debug|Any CPU = Debug|Any CPU
		Release|Any CPU = Release|Any CPU
	EndGlobalSection
	GlobalSection(ProjectConfigurationPlatforms) = postSolution
		{4CBE0045-152B-4D3D-BC18-E2E2AC4362C6}.Debug|Any CPU.ActiveCfg = Debug|Any CPU
		{4CBE0045-152B-4D3D-BC18-E2E2AC4362C6}.Debug|Any CPU.Build.0 = Debug|Any CPU
		{4CBE0045-152B-4D3D-BC18-E2E2AC4362C6}.Release|Any CPU.ActiveCfg = Release|Any CPU
		{4CBE0045-152B-4D3D-BC18-E2E2AC4362C6}.Release|Any CPU.Build.0 = Release|Any CPU
	EndGlobalSection
	GlobalSection(SolutionProperties) = preSolution
		HideSolutionNode = FALSE
	EndGlobalSection
	GlobalSection(ExtensibilityGlobals) = postSolution
		SolutionGuid = {29CB6EB3-321C-49AB-AA69-014781AACB44}
	EndGlobalSection
EndGlobal
