
Microsoft Visual Studio Solution File, Format Version 12.00
# Visual Studio Version 17
VisualStudioVersion = 17.13.35919.96 d17.13
MinimumVisualStudioVersion = 10.0.40219.1
Project("{FAE04EC0-301F-11D3-BF4B-00C04F79EFBC}") = "mediaAlumnosConCSV", "mediaAlumnosConCSV\mediaAlumnosConCSV.csproj", "{88FBBBB4-B82C-4CD5-B98C-983D022F4B46}"
EndProject
Global
	GlobalSection(SolutionConfigurationPlatforms) = preSolution
		Debug|Any CPU = Debug|Any CPU
		Release|Any CPU = Release|Any CPU
	EndGlobalSection
	GlobalSection(ProjectConfigurationPlatforms) = postSolution
		{88FBBBB4-B82C-4CD5-B98C-983D022F4B46}.Debug|Any CPU.ActiveCfg = Debug|Any CPU
		{88FBBBB4-B82C-4CD5-B98C-983D022F4B46}.Debug|Any CPU.Build.0 = Debug|Any CPU
		{88FBBBB4-B82C-4CD5-B98C-983D022F4B46}.Release|Any CPU.ActiveCfg = Release|Any CPU
		{88FBBBB4-B82C-4CD5-B98C-983D022F4B46}.Release|Any CPU.Build.0 = Release|Any CPU
	EndGlobalSection
	GlobalSection(SolutionProperties) = preSolution
		HideSolutionNode = FALSE
	EndGlobalSection
	GlobalSection(ExtensibilityGlobals) = postSolution
		SolutionGuid = {66C50E4D-7881-4C8D-9B65-E1E942E06C32}
	EndGlobalSection
EndGlobal
